{
  "name": "EmployeeImput",
  "lockfileVersion": 3,
  "requires": true,
  "packages": {
    "": {
      "dependencies": {
        "ag-grid-community": "^32.1.0"
      }
    },
    "node_modules/ag-charts-types": {
      "version": "10.1.0",
      "resolved": "https://registry.npmjs.org/ag-charts-types/-/ag-charts-types-10.1.0.tgz",
      "integrity": "sha512-pk9ft8hbgTXJ/thI/SEUR1BoauNplYExpcHh7tMOqVikoDsta1O15TB1ZL4XWnl4TPIzROBmONKsz7d8a2HBuQ==",
      "license": "MIT"
    },
    "node_modules/ag-grid-community": {
      "version": "32.1.0",
      "resolved": "https://registry.npmjs.org/ag-grid-community/-/ag-grid-community-32.1.0.tgz",
      "integrity": "sha512-RVvkjRH61nuCXwIqTKQPqNbKR+8cGBKw7S1qmmMXsy0pCBAJaQn4kL3v31hKHxDtV4bPscBXLFKGnKzHuss0GQ==",
      "license": "MIT",
      "dependencies": {
        "ag-charts-types": "10.1.0"
      }
    }
  }
}
